
Microsoft Visual Studio Solution File, Format Version 12.00
# Visual Studio 15
VisualStudioVersion = 15.0.35026.233
MinimumVisualStudioVersion = 10.0.40219.1
Project("{FAE04EC0-301F-11D3-BF4B-00C04F79EFBC}") = "TeamsWP", "TeamsWP\TeamsWP.csproj", "{314DE45F-74B4-4021-A1B0-62E54EFF7FF4}"
EndProject
Project("{FAE04EC0-301F-11D3-BF4B-00C04F79EFBC}") = "TeamsWP.API", "TeamsWP.API\TeamsWP.API.csproj", "{7EA295A7-2F43-451B-9118-E9E5C51FF235}"
EndProject
Global
	GlobalSection(SolutionConfigurationPlatforms) = preSolution
		Debug|Any CPU = Debug|Any CPU
		Debug|ARM = Debug|ARM
		Debug|ARM64 = Debug|ARM64
		Debug|x64 = Debug|x64
		Debug|x86 = Debug|x86
		Release|Any CPU = Release|Any CPU
		Release|ARM = Release|ARM
		Release|ARM64 = Release|ARM64
		Release|x64 = Release|x64
		Release|x86 = Release|x86
	EndGlobalSection
	GlobalSection(ProjectConfigurationPlatforms) = postSolution
		{314DE45F-74B4-4021-A1B0-62E54EFF7FF4}.Debug|Any CPU.ActiveCfg = Debug|x86
		{314DE45F-74B4-4021-A1B0-62E54EFF7FF4}.Debug|ARM.ActiveCfg = Debug|ARM
		{314DE45F-74B4-4021-A1B0-62E54EFF7FF4}.Debug|ARM.Build.0 = Debug|ARM
		{314DE45F-74B4-4021-A1B0-62E54EFF7FF4}.Debug|ARM.Deploy.0 = Debug|ARM
		{314DE45F-74B4-4021-A1B0-62E54EFF7FF4}.Debug|ARM64.ActiveCfg = Debug|ARM64
		{314DE45F-74B4-4021-A1B0-62E54EFF7FF4}.Debug|ARM64.Build.0 = Debug|ARM64
		{314DE45F-74B4-4021-A1B0-62E54EFF7FF4}.Debug|ARM64.Deploy.0 = Debug|ARM64
		{314DE45F-74B4-4021-A1B0-62E54EFF7FF4}.Debug|x64.ActiveCfg = Debug|x64
		{314DE45F-74B4-4021-A1B0-62E54EFF7FF4}.Debug|x64.Build.0 = Debug|x64
		{314DE45F-74B4-4021-A1B0-62E54EFF7FF4}.Debug|x64.Deploy.0 = Debug|x64
		{314DE45F-74B4-4021-A1B0-62E54EFF7FF4}.Debug|x86.ActiveCfg = Debug|x86
		{314DE45F-74B4-4021-A1B0-62E54EFF7FF4}.Debug|x86.Build.0 = Debug|x86
		{314DE45F-74B4-4021-A1B0-62E54EFF7FF4}.Debug|x86.Deploy.0 = Debug|x86
		{314DE45F-74B4-4021-A1B0-62E54EFF7FF4}.Release|Any CPU.ActiveCfg = Release|x86
		{314DE45F-74B4-4021-A1B0-62E54EFF7FF4}.Release|ARM.ActiveCfg = Release|ARM
		{314DE45F-74B4-4021-A1B0-62E54EFF7FF4}.Release|ARM.Build.0 = Release|ARM
		{314DE45F-74B4-4021-A1B0-62E54EFF7FF4}.Release|ARM.Deploy.0 = Release|ARM
		{314DE45F-74B4-4021-A1B0-62E54EFF7FF4}.Release|ARM64.ActiveCfg = Release|ARM64
		{314DE45F-74B4-4021-A1B0-62E54EFF7FF4}.Release|ARM64.Build.0 = Release|ARM64
		{314DE45F-74B4-4021-A1B0-62E54EFF7FF4}.Release|ARM64.Deploy.0 = Release|ARM64
		{314DE45F-74B4-4021-A1B0-62E54EFF7FF4}.Release|x64.ActiveCfg = Release|x64
		{314DE45F-74B4-4021-A1B0-62E54EFF7FF4}.Release|x64.Build.0 = Release|x64
		{314DE45F-74B4-4021-A1B0-62E54EFF7FF4}.Release|x64.Deploy.0 = Release|x64
		{314DE45F-74B4-4021-A1B0-62E54EFF7FF4}.Release|x86.ActiveCfg = Release|x86
		{314DE45F-74B4-4021-A1B0-62E54EFF7FF4}.Release|x86.Build.0 = Release|x86
		{314DE45F-74B4-4021-A1B0-62E54EFF7FF4}.Release|x86.Deploy.0 = Release|x86
		{7EA295A7-2F43-451B-9118-E9E5C51FF235}.Debug|Any CPU.ActiveCfg = Debug|Any CPU
		{7EA295A7-2F43-451B-9118-E9E5C51FF235}.Debug|Any CPU.Build.0 = Debug|Any CPU
		{7EA295A7-2F43-451B-9118-E9E5C51FF235}.Debug|ARM.ActiveCfg = Debug|ARM
		{7EA295A7-2F43-451B-9118-E9E5C51FF235}.Debug|ARM.Build.0 = Debug|ARM
		{7EA295A7-2F43-451B-9118-E9E5C51FF235}.Debug|ARM64.ActiveCfg = Debug|ARM64
		{7EA295A7-2F43-451B-9118-E9E5C51FF235}.Debug|ARM64.Build.0 = Debug|ARM64
		{7EA295A7-2F43-451B-9118-E9E5C51FF235}.Debug|x64.ActiveCfg = Debug|x64
		{7EA295A7-2F43-451B-9118-E9E5C51FF235}.Debug|x64.Build.0 = Debug|x64
		{7EA295A7-2F43-451B-9118-E9E5C51FF235}.Debug|x86.ActiveCfg = Debug|x86
		{7EA295A7-2F43-451B-9118-E9E5C51FF235}.Debug|x86.Build.0 = Debug|x86
		{7EA295A7-2F43-451B-9118-E9E5C51FF235}.Release|Any CPU.ActiveCfg = Release|Any CPU
		{7EA295A7-2F43-451B-9118-E9E5C51FF235}.Release|Any CPU.Build.0 = Release|Any CPU
		{7EA295A7-2F43-451B-9118-E9E5C51FF235}.Release|ARM.ActiveCfg = Release|ARM
		{7EA295A7-2F43-451B-9118-E9E5C51FF235}.Release|ARM.Build.0 = Release|ARM
		{7EA295A7-2F43-451B-9118-E9E5C51FF235}.Release|ARM64.ActiveCfg = Release|ARM64
		{7EA295A7-2F43-451B-9118-E9E5C51FF235}.Release|ARM64.Build.0 = Release|ARM64
		{7EA295A7-2F43-451B-9118-E9E5C51FF235}.Release|x64.ActiveCfg = Release|x64
		{7EA295A7-2F43-451B-9118-E9E5C51FF235}.Release|x64.Build.0 = Release|x64
		{7EA295A7-2F43-451B-9118-E9E5C51FF235}.Release|x86.ActiveCfg = Release|x86
		{7EA295A7-2F43-451B-9118-E9E5C51FF235}.Release|x86.Build.0 = Release|x86
	EndGlobalSection
	GlobalSection(SolutionProperties) = preSolution
		HideSolutionNode = FALSE
	EndGlobalSection
	GlobalSection(ExtensibilityGlobals) = postSolution
		SolutionGuid = {3F8DF8BF-2D40-46D8-841E-AC0A0F3D3A5A}
	EndGlobalSection
EndGlobal
